
Microsoft Visual Studio Solution File, Format Version 12.00
# Visual Studio 15
VisualStudioVersion = 15.0.28307.705
MinimumVisualStudioVersion = 10.0.40219.1
Project("{8BC9CEB8-8B4A-11D0-8D11-00A0C91BC942}") = "Duck", "Duck\Duck.vcxproj", "{364E272B-3131-4C64-9FE0-EB47036B3749}"
EndProject
Project("{8BC9CEB8-8B4A-11D0-8D11-00A0C91BC942}") = "Observer_model", "..\Observer_model\Observer_model\Observer_model.vcxproj", "{7C6CE800-1B58-4508-91B5-495C932FCB24}"
EndProject
Project("{8BC9CEB8-8B4A-11D0-8D11-00A0C91BC942}") = "Decorate", "Decorate\Decorate.vcxproj", "{72F81D07-28D5-4848-8AEC-C71B48DF28C5}"
EndProject
Project("{8BC9CEB8-8B4A-11D0-8D11-00A0C91BC942}") = "Factory", "Factory\Factory.vcxproj", "{08D4A9AF-9067-449B-BCAA-BF38D26AA831}"
EndProject
Global
	GlobalSection(SolutionConfigurationPlatforms) = preSolution
		Debug|x64 = Debug|x64
		Debug|x86 = Debug|x86
		Release|x64 = Release|x64
		Release|x86 = Release|x86
	EndGlobalSection
	GlobalSection(ProjectConfigurationPlatforms) = postSolution
		{364E272B-3131-4C64-9FE0-EB47036B3749}.Debug|x64.ActiveCfg = Debug|x64
		{364E272B-3131-4C64-9FE0-EB47036B3749}.Debug|x64.Build.0 = Debug|x64
		{364E272B-3131-4C64-9FE0-EB47036B3749}.Debug|x86.ActiveCfg = Debug|Win32
		{364E272B-3131-4C64-9FE0-EB47036B3749}.Debug|x86.Build.0 = Debug|Win32
		{364E272B-3131-4C64-9FE0-EB47036B3749}.Release|x64.ActiveCfg = Release|x64
		{364E272B-3131-4C64-9FE0-EB47036B3749}.Release|x64.Build.0 = Release|x64
		{364E272B-3131-4C64-9FE0-EB47036B3749}.Release|x86.ActiveCfg = Release|Win32
		{364E272B-3131-4C64-9FE0-EB47036B3749}.Release|x86.Build.0 = Release|Win32
		{7C6CE800-1B58-4508-91B5-495C932FCB24}.Debug|x64.ActiveCfg = Debug|x64
		{7C6CE800-1B58-4508-91B5-495C932FCB24}.Debug|x64.Build.0 = Debug|x64
		{7C6CE800-1B58-4508-91B5-495C932FCB24}.Debug|x86.ActiveCfg = Debug|Win32
		{7C6CE800-1B58-4508-91B5-495C932FCB24}.Debug|x86.Build.0 = Debug|Win32
		{7C6CE800-1B58-4508-91B5-495C932FCB24}.Release|x64.ActiveCfg = Release|x64
		{7C6CE800-1B58-4508-91B5-495C932FCB24}.Release|x64.Build.0 = Release|x64
		{7C6CE800-1B58-4508-91B5-495C932FCB24}.Release|x86.ActiveCfg = Release|Win32
		{7C6CE800-1B58-4508-91B5-495C932FCB24}.Release|x86.Build.0 = Release|Win32
		{72F81D07-28D5-4848-8AEC-C71B48DF28C5}.Debug|x64.ActiveCfg = Debug|x64
		{72F81D07-28D5-4848-8AEC-C71B48DF28C5}.Debug|x64.Build.0 = Debug|x64
		{72F81D07-28D5-4848-8AEC-C71B48DF28C5}.Debug|x86.ActiveCfg = Debug|Win32
		{72F81D07-28D5-4848-8AEC-C71B48DF28C5}.Debug|x86.Build.0 = Debug|Win32
		{72F81D07-28D5-4848-8AEC-C71B48DF28C5}.Release|x64.ActiveCfg = Release|x64
		{72F81D07-28D5-4848-8AEC-C71B48DF28C5}.Release|x64.Build.0 = Release|x64
		{72F81D07-28D5-4848-8AEC-C71B48DF28C5}.Release|x86.ActiveCfg = Release|Win32
		{72F81D07-28D5-4848-8AEC-C71B48DF28C5}.Release|x86.Build.0 = Release|Win32
		{08D4A9AF-9067-449B-BCAA-BF38D26AA831}.Debug|x64.ActiveCfg = Debug|x64
		{08D4A9AF-9067-449B-BCAA-BF38D26AA831}.Debug|x64.Build.0 = Debug|x64
		{08D4A9AF-9067-449B-BCAA-BF38D26AA831}.Debug|x86.ActiveCfg = Debug|Win32
		{08D4A9AF-9067-449B-BCAA-BF38D26AA831}.Debug|x86.Build.0 = Debug|Win32
		{08D4A9AF-9067-449B-BCAA-BF38D26AA831}.Release|x64.ActiveCfg = Release|x64
		{08D4A9AF-9067-449B-BCAA-BF38D26AA831}.Release|x64.Build.0 = Release|x64
		{08D4A9AF-9067-449B-BCAA-BF38D26AA831}.Release|x86.ActiveCfg = Release|Win32
		{08D4A9AF-9067-449B-BCAA-BF38D26AA831}.Release|x86.Build.0 = Release|Win32
	EndGlobalSection
	GlobalSection(SolutionProperties) = preSolution
		HideSolutionNode = FALSE
	EndGlobalSection
	GlobalSection(ExtensibilityGlobals) = postSolution
		SolutionGuid = {DF6C48AB-BBE3-48BC-BBE8-5ED187C8E9B8}
	EndGlobalSection
EndGlobal
